<?xml version="1.0" encoding="utf-8"?>
<Project ToolsVersion="4.0" xmlns="http://schemas.microsoft.com/developer/msbuild/2003">
  <ItemGroup>
    <Filter Include="Common">
      <UniqueIdentifier>40a8b376-00a3-43e8-a7f4-9e765022d32b</UniqueIdentifier>
    </Filter>
    <Filter Include="Assets">
      <UniqueIdentifier>f674c701-9475-4ea2-80ba-d517fa1b0b22</UniqueIdentifier>
    </Filter>
    <Image Include="Assets\Logo.png">
      <Filter>Assets</Filter>
    </Image>
    <Image Include="Assets\SmallLogo.png">
      <Filter>Assets</Filter>
    </Image>
    <Image Include="Assets\StoreLogo.png">
      <Filter>Assets</Filter>
    </Image>
    <Image Include="Assets\SplashScreen.png">
      <Filter>Assets</Filter>
    </Image>
  </ItemGroup>
  <ItemGroup>
    <FxCompile Include="SimplePixelShader.hlsl" />
    <FxCompile Include="SimpleVertexShader.hlsl" />
  </ItemGroup>
  <ItemGroup>
    <ClCompile Include="ScreenshotSample.cpp" />
    <ClCompile Include="CubeRenderer.cpp" />
    <ClCompile Include="Direct3DBase.cpp" />
    <ClCompile Include="pch.cpp" />
    <ClCompile Include="ScreenGrab.cpp" />
  </ItemGroup>
  <ItemGroup>
    <ClInclude Include="ScreenshotSample.h" />
    <ClInclude Include="CubeRenderer.h" />
    <ClInclude Include="DirectXHelper.h" />
    <ClInclude Include="Direct3DBase.h" />
    <ClInclude Include="BasicTimer.h" />
    <ClInclude Include="pch.h" />
    <ClInclude Include="ScreenGrab.h" />
  </ItemGroup>
  <ItemGroup>
    <AppxManifest Include="Package.appxmanifest" />
  </ItemGroup>
  <ItemGroup>
    <None Include="ScreenshotSample_TemporaryKey.pfx" />
  </ItemGroup>
</Project>